
Microsoft Visual Studio Solution File, Format Version 12.00
# Visual Studio 15
VisualStudioVersion = 15.0.28010.2026
MinimumVisualStudioVersion = 10.0.40219.1
Project("{9A19103F-16F7-4668-BE54-9A1E7A4F7556}") = "CosmosDBFunction", "CosmosDBFunction\CosmosDBFunction.csproj", "{1E44C92D-5C78-4AE8-B917-D5325444B2BD}"
EndProject
Project("{FAE04EC0-301F-11D3-BF4B-00C04F79EFBC}") = "BlogStorageFunction", "BlogStorageFunction\BlogStorageFunction.csproj", "{F9B6DE44-5F63-4645-B317-D0CF11B3DC7C}"
EndProject
Global
	GlobalSection(SolutionConfigurationPlatforms) = preSolution
		Debug|Any CPU = Debug|Any CPU
		Release|Any CPU = Release|Any CPU
	EndGlobalSection
	GlobalSection(ProjectConfigurationPlatforms) = postSolution
		{1E44C92D-5C78-4AE8-B917-D5325444B2BD}.Debug|Any CPU.ActiveCfg = Debug|Any CPU
		{1E44C92D-5C78-4AE8-B917-D5325444B2BD}.Debug|Any CPU.Build.0 = Debug|Any CPU
		{1E44C92D-5C78-4AE8-B917-D5325444B2BD}.Release|Any CPU.ActiveCfg = Release|Any CPU
		{1E44C92D-5C78-4AE8-B917-D5325444B2BD}.Release|Any CPU.Build.0 = Release|Any CPU
		{F9B6DE44-5F63-4645-B317-D0CF11B3DC7C}.Debug|Any CPU.ActiveCfg = Debug|Any CPU
		{F9B6DE44-5F63-4645-B317-D0CF11B3DC7C}.Debug|Any CPU.Build.0 = Debug|Any CPU
		{F9B6DE44-5F63-4645-B317-D0CF11B3DC7C}.Release|Any CPU.ActiveCfg = Release|Any CPU
		{F9B6DE44-5F63-4645-B317-D0CF11B3DC7C}.Release|Any CPU.Build.0 = Release|Any CPU
	EndGlobalSection
	GlobalSection(SolutionProperties) = preSolution
		HideSolutionNode = FALSE
	EndGlobalSection
	GlobalSection(ExtensibilityGlobals) = postSolution
		SolutionGuid = {F36A5990-C3F1-4A20-83EE-410DA72D9140}
	EndGlobalSection
EndGlobal
